
Microsoft Visual Studio Solution File, Format Version 9.00
# Visual Studio 2008
Project("{8BC9CEB8-8B4A-11D0-8D11-00A0C91BC942}") = "JfUnitTest", "JfUnitTest.vcproj", "{240AF5B9-128B-4C06-AE16-36BB8A85AE4D}"
EndProject
Project("{8BC9CEB8-8B4A-11D0-8D11-00A0C91BC942}") = "JfUnitTestStage1", "JfUnitTestStage1.vcproj", "{7443230D-4B6B-4CC5-9FC9-2D9671D4EFFF}"
	ProjectSection(ProjectDependencies) = postProject
		{240AF5B9-128B-4C06-AE16-36BB8A85AE4D} = {240AF5B9-128B-4C06-AE16-36BB8A85AE4D}
	EndProjectSection
EndProject
Project("{8BC9CEB8-8B4A-11D0-8D11-00A0C91BC942}") = "JfUnitTestStage2", "JfUnitTestStage2.vcproj", "{A318BCE7-02E9-424A-A515-FEA8A365BB8E}"
	ProjectSection(ProjectDependencies) = postProject
		{240AF5B9-128B-4C06-AE16-36BB8A85AE4D} = {240AF5B9-128B-4C06-AE16-36BB8A85AE4D}
	EndProjectSection
EndProject
Project("{8BC9CEB8-8B4A-11D0-8D11-00A0C91BC942}") = "JfUnitTestStage3", "JfUnitTestStage3.vcproj", "{8A489301-32EC-430C-80AE-1723AD971CB9}"
	ProjectSection(ProjectDependencies) = postProject
		{240AF5B9-128B-4C06-AE16-36BB8A85AE4D} = {240AF5B9-128B-4C06-AE16-36BB8A85AE4D}
	EndProjectSection
EndProject
Global
	GlobalSection(SolutionConfigurationPlatforms) = preSolution
		Debug|Win32 = Debug|Win32
		Release|Win32 = Release|Win32
	EndGlobalSection
	GlobalSection(ProjectConfigurationPlatforms) = postSolution
		{240AF5B9-128B-4C06-AE16-36BB8A85AE4D}.Debug|Win32.ActiveCfg = Debug|Win32
		{240AF5B9-128B-4C06-AE16-36BB8A85AE4D}.Debug|Win32.Build.0 = Debug|Win32
		{240AF5B9-128B-4C06-AE16-36BB8A85AE4D}.Release|Win32.ActiveCfg = Release|Win32
		{240AF5B9-128B-4C06-AE16-36BB8A85AE4D}.Release|Win32.Build.0 = Release|Win32
		{7443230D-4B6B-4CC5-9FC9-2D9671D4EFFF}.Debug|Win32.ActiveCfg = Debug|Win32
		{7443230D-4B6B-4CC5-9FC9-2D9671D4EFFF}.Debug|Win32.Build.0 = Debug|Win32
		{7443230D-4B6B-4CC5-9FC9-2D9671D4EFFF}.Release|Win32.ActiveCfg = Release|Win32
		{7443230D-4B6B-4CC5-9FC9-2D9671D4EFFF}.Release|Win32.Build.0 = Release|Win32
		{A318BCE7-02E9-424A-A515-FEA8A365BB8E}.Debug|Win32.ActiveCfg = Debug|Win32
		{A318BCE7-02E9-424A-A515-FEA8A365BB8E}.Debug|Win32.Build.0 = Debug|Win32
		{A318BCE7-02E9-424A-A515-FEA8A365BB8E}.Release|Win32.ActiveCfg = Release|Win32
		{A318BCE7-02E9-424A-A515-FEA8A365BB8E}.Release|Win32.Build.0 = Release|Win32
		{8A489301-32EC-430C-80AE-1723AD971CB9}.Debug|Win32.ActiveCfg = Debug|Win32
		{8A489301-32EC-430C-80AE-1723AD971CB9}.Debug|Win32.Build.0 = Debug|Win32
		{8A489301-32EC-430C-80AE-1723AD971CB9}.Release|Win32.ActiveCfg = Release|Win32
		{8A489301-32EC-430C-80AE-1723AD971CB9}.Release|Win32.Build.0 = Release|Win32
	EndGlobalSection
	GlobalSection(SolutionProperties) = preSolution
		HideSolutionNode = FALSE
	EndGlobalSection
EndGlobal
